
Microsoft Visual Studio Solution File, Format Version 12.00
# Visual Studio 15
VisualStudioVersion = 15.0.26430.12
MinimumVisualStudioVersion = 10.0.40219.1
Project("{9A19103F-16F7-4668-BE54-9A1E7A4F7556}") = "TCS.Security.AuthServer", "TCS.Security.AuthServer\TCS.Security.AuthServer.csproj", "{B1818934-AB9C-4517-B4A1-F9D675D4D911}"
EndProject
Project("{9A19103F-16F7-4668-BE54-9A1E7A4F7556}") = "TCS.Security.AuthServer.Api", "TCS.Security.AuthServer.Api\TCS.Security.AuthServer.Api.csproj", "{74E3076B-F2B9-4BD7-8F08-8E62F4874674}"
EndProject
Project("{9A19103F-16F7-4668-BE54-9A1E7A4F7556}") = "TCS.Security.AuthServer.Client", "TCS.Security.AuthServer.Client\TCS.Security.AuthServer.Client.csproj", "{FE74A383-DFE9-464C-AB06-F0D366ABFF44}"
EndProject
Project("{9A19103F-16F7-4668-BE54-9A1E7A4F7556}") = "TCS.Security.AuthServer.Client.RO", "TCS.Security.AuthServer.Client.RO\TCS.Security.AuthServer.Client.RO.csproj", "{C4D4AB95-38E0-4F36-8320-4D6548E2E491}"
EndProject
Global
	GlobalSection(SolutionConfigurationPlatforms) = preSolution
		Debug|Any CPU = Debug|Any CPU
		Release|Any CPU = Release|Any CPU
	EndGlobalSection
	GlobalSection(ProjectConfigurationPlatforms) = postSolution
		{B1818934-AB9C-4517-B4A1-F9D675D4D911}.Debug|Any CPU.ActiveCfg = Debug|Any CPU
		{B1818934-AB9C-4517-B4A1-F9D675D4D911}.Debug|Any CPU.Build.0 = Debug|Any CPU
		{B1818934-AB9C-4517-B4A1-F9D675D4D911}.Release|Any CPU.ActiveCfg = Release|Any CPU
		{B1818934-AB9C-4517-B4A1-F9D675D4D911}.Release|Any CPU.Build.0 = Release|Any CPU
		{74E3076B-F2B9-4BD7-8F08-8E62F4874674}.Debug|Any CPU.ActiveCfg = Debug|Any CPU
		{74E3076B-F2B9-4BD7-8F08-8E62F4874674}.Debug|Any CPU.Build.0 = Debug|Any CPU
		{74E3076B-F2B9-4BD7-8F08-8E62F4874674}.Release|Any CPU.ActiveCfg = Release|Any CPU
		{74E3076B-F2B9-4BD7-8F08-8E62F4874674}.Release|Any CPU.Build.0 = Release|Any CPU
		{FE74A383-DFE9-464C-AB06-F0D366ABFF44}.Debug|Any CPU.ActiveCfg = Debug|Any CPU
		{FE74A383-DFE9-464C-AB06-F0D366ABFF44}.Debug|Any CPU.Build.0 = Debug|Any CPU
		{FE74A383-DFE9-464C-AB06-F0D366ABFF44}.Release|Any CPU.ActiveCfg = Release|Any CPU
		{FE74A383-DFE9-464C-AB06-F0D366ABFF44}.Release|Any CPU.Build.0 = Release|Any CPU
		{C4D4AB95-38E0-4F36-8320-4D6548E2E491}.Debug|Any CPU.ActiveCfg = Debug|Any CPU
		{C4D4AB95-38E0-4F36-8320-4D6548E2E491}.Debug|Any CPU.Build.0 = Debug|Any CPU
		{C4D4AB95-38E0-4F36-8320-4D6548E2E491}.Release|Any CPU.ActiveCfg = Release|Any CPU
		{C4D4AB95-38E0-4F36-8320-4D6548E2E491}.Release|Any CPU.Build.0 = Release|Any CPU
	EndGlobalSection
	GlobalSection(SolutionProperties) = preSolution
		HideSolutionNode = FALSE
	EndGlobalSection
	GlobalSection(ExtensibilityGlobals) = postSolution
		SolutionGuid = {AE9178B3-56F9-4070-AC22-8E96989EF179}
	EndGlobalSection
EndGlobal
